
Microsoft Visual Studio Solution File, Format Version 12.00
# Visual Studio Version 17
VisualStudioVersion = 17.2.32616.157
MinimumVisualStudioVersion = 10.0.40219.1
Project("{FAE04EC0-301F-11D3-BF4B-00C04F79EFBC}") = "Recibo_Marcenaria", "Recibo_Marcenaria\Recibo_Marcenaria.csproj", "{A784BB37-248C-4823-B813-EA269F3E7BCC}"
EndProject
Global
	GlobalSection(SolutionConfigurationPlatforms) = preSolution
		Debug|Any CPU = Debug|Any CPU
		Release|Any CPU = Release|Any CPU
	EndGlobalSection
	GlobalSection(ProjectConfigurationPlatforms) = postSolution
		{A784BB37-248C-4823-B813-EA269F3E7BCC}.Debug|Any CPU.ActiveCfg = Debug|Any CPU
		{A784BB37-248C-4823-B813-EA269F3E7BCC}.Debug|Any CPU.Build.0 = Debug|Any CPU
		{A784BB37-248C-4823-B813-EA269F3E7BCC}.Release|Any CPU.ActiveCfg = Release|Any CPU
		{A784BB37-248C-4823-B813-EA269F3E7BCC}.Release|Any CPU.Build.0 = Release|Any CPU
	EndGlobalSection
	GlobalSection(SolutionProperties) = preSolution
		HideSolutionNode = FALSE
	EndGlobalSection
	GlobalSection(ExtensibilityGlobals) = postSolution
		SolutionGuid = {23CA89DF-090B-471B-9AC1-39D2B10F751F}
	EndGlobalSection
EndGlobal
